schema: '2.0'
stages:
  data_ingestion:
    cmd: python src/data_ingestion.py
    deps:
    - path: src/data_ingestion.py
      hash: md5
      md5: 2c4c265cc42a69ec51fa940c85884ea9
      size: 3662
    params:
      params.yaml:
        data_ingestion.test_size: 0.2
    outs:
    - path: data/raw
      hash: md5
      md5: 63bafde97ef634471202a935c3a69256.dir
      size: 958532
      nfiles: 3
  data_preprocessing:
    cmd: python src/data_preprocessing.py
    deps:
    - path: data/raw
      hash: md5
      md5: 63bafde97ef634471202a935c3a69256.dir
      size: 958532
      nfiles: 3
    - path: src/data_preprocessing.py
      hash: md5
      md5: aae1675f9b8494394ded8b0e3204e91e
      size: 3879
    outs:
    - path: data/interim
      hash: md5
      md5: d3f80ea917209a657caed01201ee2780.dir
      size: 254818
      nfiles: 2
  feature_engineering:
    cmd: python src/feature_engineering.py
    deps:
    - path: data/interim
      hash: md5
      md5: d3f80ea917209a657caed01201ee2780.dir
      size: 254818
      nfiles: 2
    - path: src/feature_engineering.py
      hash: md5
      md5: b145e3ac82febc0939b5668223ad9d9e
      size: 3790
    params:
      params.yaml:
        feature_engineering.max_features: 35
    outs:
    - path: data/processed
      hash: md5
      md5: e11dc9e7c5bf459233ca6c4954542306.dir
      size: 829495
      nfiles: 2
  model_building:
    cmd: python src/model_building.py
    deps:
    - path: data/processed
      hash: md5
      md5: e11dc9e7c5bf459233ca6c4954542306.dir
      size: 829495
      nfiles: 2
    - path: src/model_building.py
      hash: md5
      md5: 43d7c17efef6c36b40e40d2502524866
      size: 4409
    params:
      params.yaml:
        model_building.n_estimators: 20
        model_building.random_state: 2
    outs:
    - path: models/model.pkl
      hash: md5
      md5: bf70dc9d384b3543650d5cc56902bc35
      size: 649317
  model_evaluation:
    cmd: python src/model_evaluation.py
    deps:
    - path: models/model.pkl
      hash: md5
      md5: bf70dc9d384b3543650d5cc56902bc35
      size: 649317
    - path: src/model_evaluation.py
      hash: md5
      md5: 49ecbf3c011bed7c0c6517f68bcae904
      size: 4601
    outs:
    - path: reports/metrics.json
      hash: md5
      md5: 40f9b580e03f53d6bd5cc4c3d7fae12c
      size: 127
